<Solution>
  <Project Path="Orderly.Api/Orderly.Api.csproj" />
  <Project Path="Orderly.Domain/Orderly.Domain.csproj" Id="50d921f9-cc10-4759-9745-8054a0f345ca" />
  <Project Path="Orderly.Infrastructure/Orderly.Infrastructure.csproj" Id="1a2f46c4-5bc4-4b70-9101-2fd10af84094" />
  <Project Path="Orderly.Tests/Orderly.Tests.csproj" Id="00114fc8-6a69-4e9f-9dc9-bcbb76c34164" />
</Solution>
